
Microsoft Visual Studio Solution File, Format Version 12.00
# Visual Studio Version 16
VisualStudioVersion = 16.0.29728.190
MinimumVisualStudioVersion = 10.0.40219.1
Project("{2150E333-8FDC-42A3-9474-1A3956D46DE8}") = "02.Api.Data.Services", "02.Api.Data.Services", "{0B5A20FE-EA40-4685-9796-8F73DC07FCB2}"
EndProject
Project("{2150E333-8FDC-42A3-9474-1A3956D46DE8}") = "04.Api.Testing", "04.Api.Testing", "{01D1AAD4-FC0D-46BC-881B-F0D6C2A0AD61}"
EndProject
Project("{2150E333-8FDC-42A3-9474-1A3956D46DE8}") = "01.Api.Web", "01.Api.Web", "{EBEB85BE-2FF5-4DEA-8225-41F4AF18F79F}"
EndProject
Project("{9A19103F-16F7-4668-BE54-9A1E7A4F7556}") = "ApiDataAccess", "ApiDataAccess\ApiDataAccess.csproj", "{7C1E9D10-522D-432A-B59E-9BD09A9DFBAB}"
EndProject
Project("{9A19103F-16F7-4668-BE54-9A1E7A4F7556}") = "ApiRepositories", "ApiRepositories\ApiRepositories.csproj", "{259A7FBD-5556-447B-818C-32784193705C}"
EndProject
Project("{9A19103F-16F7-4668-BE54-9A1E7A4F7556}") = "ApiModel", "ApiModel\ApiModel.csproj", "{5E933907-5B92-4B87-89C3-59DE4CC35E43}"
EndProject
Project("{9A19103F-16F7-4668-BE54-9A1E7A4F7556}") = "ApiUnitWork", "ApiUnitWork\ApiUnitWork.csproj", "{BAF842ED-0C1C-4D9A-9419-E79A5A60C6F6}"
EndProject
Project("{9A19103F-16F7-4668-BE54-9A1E7A4F7556}") = "ApiCore", "ApiCore\ApiCore.csproj", "{CDC2256B-C2F4-4308-8BCE-FD9A046A170D}"
EndProject
Project("{9A19103F-16F7-4668-BE54-9A1E7A4F7556}") = "Encryption", "Encryption\Encryption.csproj", "{B1F8C919-98EC-4ACC-9CDD-87E1D5A02FFD}"
EndProject
Project("{9A19103F-16F7-4668-BE54-9A1E7A4F7556}") = "Settings", "Settings\Settings.csproj", "{1844A27F-B808-4DC1-8E4A-AFACDFB1C868}"
EndProject
Project("{9A19103F-16F7-4668-BE54-9A1E7A4F7556}") = "ApiBussinessLogic", "ApiBussinessLogic\ApiBussinessLogic.csproj", "{F1F4A7F9-4B06-4F8C-B44B-3DFA5E38DBEA}"
EndProject
Project("{9A19103F-16F7-4668-BE54-9A1E7A4F7556}") = "JWT", "JWT\JWT.csproj", "{E8468BAA-7FFD-4DB0-AF4B-3B476888B1F1}"
EndProject
Project("{9A19103F-16F7-4668-BE54-9A1E7A4F7556}") = "Test", "Test\Test.csproj", "{F534F044-E07B-4485-A5AC-0147B4A4A106}"
EndProject
Project("{2150E333-8FDC-42A3-9474-1A3956D46DE8}") = "03.Api.Common", "03.Api.Common", "{5FDA2728-71BC-4C60-BEBE-754E4F423065}"
EndProject
Project("{2150E333-8FDC-42A3-9474-1A3956D46DE8}") = "Integration.Test", "Integration.Test", "{1E1BDF98-E084-43DF-AA89-3FE0F262F91F}"
EndProject
Project("{2150E333-8FDC-42A3-9474-1A3956D46DE8}") = "Testing", "Testing", "{42DC652B-6A3A-482C-B9B5-258FBF002CD2}"
EndProject
Project("{9A19103F-16F7-4668-BE54-9A1E7A4F7556}") = "ExternalServices", "ExternalServices\ExternalServices.csproj", "{9CF6F355-FFA9-420D-B00D-AE67297B3CEF}"
EndProject
Global
	GlobalSection(SolutionConfigurationPlatforms) = preSolution
		Debug|Any CPU = Debug|Any CPU
		Release|Any CPU = Release|Any CPU
	EndGlobalSection
	GlobalSection(ProjectConfigurationPlatforms) = postSolution
		{7C1E9D10-522D-432A-B59E-9BD09A9DFBAB}.Debug|Any CPU.ActiveCfg = Debug|Any CPU
		{7C1E9D10-522D-432A-B59E-9BD09A9DFBAB}.Debug|Any CPU.Build.0 = Debug|Any CPU
		{7C1E9D10-522D-432A-B59E-9BD09A9DFBAB}.Release|Any CPU.ActiveCfg = Release|Any CPU
		{7C1E9D10-522D-432A-B59E-9BD09A9DFBAB}.Release|Any CPU.Build.0 = Release|Any CPU
		{259A7FBD-5556-447B-818C-32784193705C}.Debug|Any CPU.ActiveCfg = Debug|Any CPU
		{259A7FBD-5556-447B-818C-32784193705C}.Debug|Any CPU.Build.0 = Debug|Any CPU
		{259A7FBD-5556-447B-818C-32784193705C}.Release|Any CPU.ActiveCfg = Release|Any CPU
		{259A7FBD-5556-447B-818C-32784193705C}.Release|Any CPU.Build.0 = Release|Any CPU
		{5E933907-5B92-4B87-89C3-59DE4CC35E43}.Debug|Any CPU.ActiveCfg = Debug|Any CPU
		{5E933907-5B92-4B87-89C3-59DE4CC35E43}.Debug|Any CPU.Build.0 = Debug|Any CPU
		{5E933907-5B92-4B87-89C3-59DE4CC35E43}.Release|Any CPU.ActiveCfg = Release|Any CPU
		{5E933907-5B92-4B87-89C3-59DE4CC35E43}.Release|Any CPU.Build.0 = Release|Any CPU
		{BAF842ED-0C1C-4D9A-9419-E79A5A60C6F6}.Debug|Any CPU.ActiveCfg = Debug|Any CPU
		{BAF842ED-0C1C-4D9A-9419-E79A5A60C6F6}.Debug|Any CPU.Build.0 = Debug|Any CPU
		{BAF842ED-0C1C-4D9A-9419-E79A5A60C6F6}.Release|Any CPU.ActiveCfg = Release|Any CPU
		{BAF842ED-0C1C-4D9A-9419-E79A5A60C6F6}.Release|Any CPU.Build.0 = Release|Any CPU
		{CDC2256B-C2F4-4308-8BCE-FD9A046A170D}.Debug|Any CPU.ActiveCfg = Debug|Any CPU
		{CDC2256B-C2F4-4308-8BCE-FD9A046A170D}.Debug|Any CPU.Build.0 = Debug|Any CPU
		{CDC2256B-C2F4-4308-8BCE-FD9A046A170D}.Release|Any CPU.ActiveCfg = Release|Any CPU
		{CDC2256B-C2F4-4308-8BCE-FD9A046A170D}.Release|Any CPU.Build.0 = Release|Any CPU
		{B1F8C919-98EC-4ACC-9CDD-87E1D5A02FFD}.Debug|Any CPU.ActiveCfg = Debug|Any CPU
		{B1F8C919-98EC-4ACC-9CDD-87E1D5A02FFD}.Debug|Any CPU.Build.0 = Debug|Any CPU
		{B1F8C919-98EC-4ACC-9CDD-87E1D5A02FFD}.Release|Any CPU.ActiveCfg = Release|Any CPU
		{B1F8C919-98EC-4ACC-9CDD-87E1D5A02FFD}.Release|Any CPU.Build.0 = Release|Any CPU
		{1844A27F-B808-4DC1-8E4A-AFACDFB1C868}.Debug|Any CPU.ActiveCfg = Debug|Any CPU
		{1844A27F-B808-4DC1-8E4A-AFACDFB1C868}.Debug|Any CPU.Build.0 = Debug|Any CPU
		{1844A27F-B808-4DC1-8E4A-AFACDFB1C868}.Release|Any CPU.ActiveCfg = Release|Any CPU
		{1844A27F-B808-4DC1-8E4A-AFACDFB1C868}.Release|Any CPU.Build.0 = Release|Any CPU
		{F1F4A7F9-4B06-4F8C-B44B-3DFA5E38DBEA}.Debug|Any CPU.ActiveCfg = Debug|Any CPU
		{F1F4A7F9-4B06-4F8C-B44B-3DFA5E38DBEA}.Debug|Any CPU.Build.0 = Debug|Any CPU
		{F1F4A7F9-4B06-4F8C-B44B-3DFA5E38DBEA}.Release|Any CPU.ActiveCfg = Release|Any CPU
		{F1F4A7F9-4B06-4F8C-B44B-3DFA5E38DBEA}.Release|Any CPU.Build.0 = Release|Any CPU
		{E8468BAA-7FFD-4DB0-AF4B-3B476888B1F1}.Debug|Any CPU.ActiveCfg = Debug|Any CPU
		{E8468BAA-7FFD-4DB0-AF4B-3B476888B1F1}.Debug|Any CPU.Build.0 = Debug|Any CPU
		{E8468BAA-7FFD-4DB0-AF4B-3B476888B1F1}.Release|Any CPU.ActiveCfg = Release|Any CPU
		{E8468BAA-7FFD-4DB0-AF4B-3B476888B1F1}.Release|Any CPU.Build.0 = Release|Any CPU
		{F534F044-E07B-4485-A5AC-0147B4A4A106}.Debug|Any CPU.ActiveCfg = Debug|Any CPU
		{F534F044-E07B-4485-A5AC-0147B4A4A106}.Debug|Any CPU.Build.0 = Debug|Any CPU
		{F534F044-E07B-4485-A5AC-0147B4A4A106}.Release|Any CPU.ActiveCfg = Release|Any CPU
		{F534F044-E07B-4485-A5AC-0147B4A4A106}.Release|Any CPU.Build.0 = Release|Any CPU
		{9CF6F355-FFA9-420D-B00D-AE67297B3CEF}.Debug|Any CPU.ActiveCfg = Debug|Any CPU
		{9CF6F355-FFA9-420D-B00D-AE67297B3CEF}.Debug|Any CPU.Build.0 = Debug|Any CPU
		{9CF6F355-FFA9-420D-B00D-AE67297B3CEF}.Release|Any CPU.ActiveCfg = Release|Any CPU
		{9CF6F355-FFA9-420D-B00D-AE67297B3CEF}.Release|Any CPU.Build.0 = Release|Any CPU
	EndGlobalSection
	GlobalSection(SolutionProperties) = preSolution
		HideSolutionNode = FALSE
	EndGlobalSection
	GlobalSection(NestedProjects) = preSolution
		{7C1E9D10-522D-432A-B59E-9BD09A9DFBAB} = {0B5A20FE-EA40-4685-9796-8F73DC07FCB2}
		{259A7FBD-5556-447B-818C-32784193705C} = {0B5A20FE-EA40-4685-9796-8F73DC07FCB2}
		{5E933907-5B92-4B87-89C3-59DE4CC35E43} = {0B5A20FE-EA40-4685-9796-8F73DC07FCB2}
		{BAF842ED-0C1C-4D9A-9419-E79A5A60C6F6} = {0B5A20FE-EA40-4685-9796-8F73DC07FCB2}
		{CDC2256B-C2F4-4308-8BCE-FD9A046A170D} = {EBEB85BE-2FF5-4DEA-8225-41F4AF18F79F}
		{B1F8C919-98EC-4ACC-9CDD-87E1D5A02FFD} = {5FDA2728-71BC-4C60-BEBE-754E4F423065}
		{1844A27F-B808-4DC1-8E4A-AFACDFB1C868} = {5FDA2728-71BC-4C60-BEBE-754E4F423065}
		{F1F4A7F9-4B06-4F8C-B44B-3DFA5E38DBEA} = {0B5A20FE-EA40-4685-9796-8F73DC07FCB2}
		{E8468BAA-7FFD-4DB0-AF4B-3B476888B1F1} = {5FDA2728-71BC-4C60-BEBE-754E4F423065}
		{F534F044-E07B-4485-A5AC-0147B4A4A106} = {1E1BDF98-E084-43DF-AA89-3FE0F262F91F}
		{1E1BDF98-E084-43DF-AA89-3FE0F262F91F} = {01D1AAD4-FC0D-46BC-881B-F0D6C2A0AD61}
		{42DC652B-6A3A-482C-B9B5-258FBF002CD2} = {01D1AAD4-FC0D-46BC-881B-F0D6C2A0AD61}
		{9CF6F355-FFA9-420D-B00D-AE67297B3CEF} = {5FDA2728-71BC-4C60-BEBE-754E4F423065}
	EndGlobalSection
	GlobalSection(ExtensibilityGlobals) = postSolution
		SolutionGuid = {2108E5A1-BFBA-444D-8EB3-908E97A961CD}
	EndGlobalSection
EndGlobal
